
Microsoft Visual Studio Solution File, Format Version 12.00
# Visual Studio Version 17
VisualStudioVersion = 17.2.32616.157
MinimumVisualStudioVersion = 10.0.40219.1
Project("{FAE04EC0-301F-11D3-BF4B-00C04F79EFBC}") = "Numerics", "Numerics\Numerics.csproj", "{8C1C81DE-152E-484A-BFD9-FA00789CC33E}"
	ProjectSection(ProjectDependencies) = postProject
		{C9557CC4-995E-4672-A696-26AF7FE75712} = {C9557CC4-995E-4672-A696-26AF7FE75712}
	EndProjectSection
EndProject
Project("{FAE04EC0-301F-11D3-BF4B-00C04F79EFBC}") = "TestApp", "TestApp\TestApp.csproj", "{AF131D7F-34D6-4499-9220-9FAC1A83DF5B}"
EndProject
Project("{FAE04EC0-301F-11D3-BF4B-00C04F79EFBC}") = "NeuralNetworks", "NeuralNetworks\NeuralNetworks.csproj", "{6CB3D020-A0EF-4827-BDEE-14B082DC36E5}"
EndProject
Project("{FAE04EC0-301F-11D3-BF4B-00C04F79EFBC}") = "MachineLerning", "Machine Lerning\MachineLerning.csproj", "{2A0F6AD6-1FE0-4FA3-874F-733F63F4C18F}"
EndProject
Project("{FAE04EC0-301F-11D3-BF4B-00C04F79EFBC}") = "Extension", "Expansions\Extension.csproj", "{C9557CC4-995E-4672-A696-26AF7FE75712}"
EndProject
Project("{FAE04EC0-301F-11D3-BF4B-00C04F79EFBC}") = "ElectricalEngineeringLibrary", "ElectricalEngineeringLibrary\ElectricalEngineeringLibrary.csproj", "{A8C3951D-9188-4FF4-8F3E-1EBE52DDB8E8}"
EndProject
Project("{FAE04EC0-301F-11D3-BF4B-00C04F79EFBC}") = "Numerics.Tests", "Numerics.Tests\Numerics.Tests.csproj", "{0E3B06DF-BE09-43B0-BADF-5741165F1824}"
	ProjectSection(ProjectDependencies) = postProject
		{8C1C81DE-152E-484A-BFD9-FA00789CC33E} = {8C1C81DE-152E-484A-BFD9-FA00789CC33E}
	EndProjectSection
EndProject
Global
	GlobalSection(SolutionConfigurationPlatforms) = preSolution
		Debug|Any CPU = Debug|Any CPU
		Release|Any CPU = Release|Any CPU
	EndGlobalSection
	GlobalSection(ProjectConfigurationPlatforms) = postSolution
		{8C1C81DE-152E-484A-BFD9-FA00789CC33E}.Debug|Any CPU.ActiveCfg = Debug|Any CPU
		{8C1C81DE-152E-484A-BFD9-FA00789CC33E}.Debug|Any CPU.Build.0 = Debug|Any CPU
		{8C1C81DE-152E-484A-BFD9-FA00789CC33E}.Release|Any CPU.ActiveCfg = Release|Any CPU
		{8C1C81DE-152E-484A-BFD9-FA00789CC33E}.Release|Any CPU.Build.0 = Release|Any CPU
		{AF131D7F-34D6-4499-9220-9FAC1A83DF5B}.Debug|Any CPU.ActiveCfg = Debug|Any CPU
		{AF131D7F-34D6-4499-9220-9FAC1A83DF5B}.Debug|Any CPU.Build.0 = Debug|Any CPU
		{AF131D7F-34D6-4499-9220-9FAC1A83DF5B}.Release|Any CPU.ActiveCfg = Release|Any CPU
		{AF131D7F-34D6-4499-9220-9FAC1A83DF5B}.Release|Any CPU.Build.0 = Release|Any CPU
		{6CB3D020-A0EF-4827-BDEE-14B082DC36E5}.Debug|Any CPU.ActiveCfg = Debug|Any CPU
		{6CB3D020-A0EF-4827-BDEE-14B082DC36E5}.Debug|Any CPU.Build.0 = Debug|Any CPU
		{6CB3D020-A0EF-4827-BDEE-14B082DC36E5}.Release|Any CPU.ActiveCfg = Release|Any CPU
		{6CB3D020-A0EF-4827-BDEE-14B082DC36E5}.Release|Any CPU.Build.0 = Release|Any CPU
		{2A0F6AD6-1FE0-4FA3-874F-733F63F4C18F}.Debug|Any CPU.ActiveCfg = Debug|Any CPU
		{2A0F6AD6-1FE0-4FA3-874F-733F63F4C18F}.Debug|Any CPU.Build.0 = Debug|Any CPU
		{2A0F6AD6-1FE0-4FA3-874F-733F63F4C18F}.Release|Any CPU.ActiveCfg = Release|Any CPU
		{2A0F6AD6-1FE0-4FA3-874F-733F63F4C18F}.Release|Any CPU.Build.0 = Release|Any CPU
		{C9557CC4-995E-4672-A696-26AF7FE75712}.Debug|Any CPU.ActiveCfg = Debug|Any CPU
		{C9557CC4-995E-4672-A696-26AF7FE75712}.Debug|Any CPU.Build.0 = Debug|Any CPU
		{C9557CC4-995E-4672-A696-26AF7FE75712}.Release|Any CPU.ActiveCfg = Release|Any CPU
		{C9557CC4-995E-4672-A696-26AF7FE75712}.Release|Any CPU.Build.0 = Release|Any CPU
		{A8C3951D-9188-4FF4-8F3E-1EBE52DDB8E8}.Debug|Any CPU.ActiveCfg = Debug|Any CPU
		{A8C3951D-9188-4FF4-8F3E-1EBE52DDB8E8}.Debug|Any CPU.Build.0 = Debug|Any CPU
		{A8C3951D-9188-4FF4-8F3E-1EBE52DDB8E8}.Release|Any CPU.ActiveCfg = Release|Any CPU
		{A8C3951D-9188-4FF4-8F3E-1EBE52DDB8E8}.Release|Any CPU.Build.0 = Release|Any CPU
		{0E3B06DF-BE09-43B0-BADF-5741165F1824}.Debug|Any CPU.ActiveCfg = Debug|Any CPU
		{0E3B06DF-BE09-43B0-BADF-5741165F1824}.Debug|Any CPU.Build.0 = Debug|Any CPU
		{0E3B06DF-BE09-43B0-BADF-5741165F1824}.Release|Any CPU.ActiveCfg = Release|Any CPU
		{0E3B06DF-BE09-43B0-BADF-5741165F1824}.Release|Any CPU.Build.0 = Release|Any CPU
	EndGlobalSection
	GlobalSection(SolutionProperties) = preSolution
		HideSolutionNode = FALSE
	EndGlobalSection
	GlobalSection(ExtensibilityGlobals) = postSolution
		SolutionGuid = {EDCC4BBA-26DA-4B20-89E6-697B3722961B}
	EndGlobalSection
EndGlobal
